// !$*UTF8*$!
{
	archiveVersion = 1;
	classes = {
	};
	objectVersion = 46;
	objects = {

/* Begin PBXBuildFile section */
		03E16E6D1E464B4F0061E685 /* AppDelegate.swift in Sources */ = {isa = PBXBuildFile; fileRef = 03E16E6C1E464B4F0061E685 /* AppDelegate.swift */; };
		03E16E6F1E464B4F0061E685 /* ViewController.swift in Sources */ = {isa = PBXBuildFile; fileRef = 03E16E6E1E464B4F0061E685 /* ViewController.swift */; };
		03E16E741E464B4F0061E685 /* Assets.xcassets in Resources */ = {isa = PBXBuildFile; fileRef = 03E16E731E464B4F0061E685 /* Assets.xcassets */; };
		03E16E771E464B4F0061E685 /* LaunchScreen.storyboard in Resources */ = {isa = PBXBuildFile; fileRef = 03E16E751E464B4F0061E685 /* LaunchScreen.storyboard */; };
		B2BB90D47274097853FE19A6 /* Pods_Graygram.framework in Frameworks */ = {isa = PBXBuildFile; fileRef = 002B9D7D609C0CB98FB046F5 /* Pods_Graygram.framework */; };
/* End PBXBuildFile section */

/* Begin PBXFileReference section */
		002B9D7D609C0CB98FB046F5 /* Pods_Graygram.framework */ = {isa = PBXFileReference; explicitFileType = wrapper.framework; includeInIndex = 0; path = Pods_Graygram.framework; sourceTree = BUILT_PRODUCTS_DIR; };
		03E16E691E464B4F0061E685 /* Graygram.app */ = {isa = PBXFileReference; explicitFileType = wrapper.application; includeInIndex = 0; path = Graygram.app; sourceTree = BUILT_PRODUCTS_DIR; };
		03E16E6C1E464B4F0061E685 /* AppDelegate.swift */ = {isa = PBXFileReference; lastKnownFileType = sourcecode.swift; path = AppDelegate.swift; sourceTree = "<group>"; };
		03E16E6E1E464B4F0061E685 /* ViewController.swift */ = {isa = PBXFileReference; lastKnownFileType = sourcecode.swift; path = ViewController.swift; sourceTree = "<group>"; };
		03E16E731E464B4F0061E685 /* Assets.xcassets */ = {isa = PBXFileReference; lastKnownFileType = folder.assetcatalog; path = Assets.xcassets; sourceTree = "<group>"; };
		03E16E761E464B4F0061E685 /* Base */ = {isa = PBXFileReference; lastKnownFileType = file.storyboard; name = Base; path = Base.lproj/LaunchScreen.storyboard; sourceTree = "<group>"; };
		03E16E781E464B4F0061E685 /* Info.plist */ = {isa = PBXFileReference; lastKnownFileType = text.plist.xml; path = Info.plist; sourceTree = "<group>"; };
		2615165B4186F1C5887786B7 /* Pods-Graygram.debug.xcconfig */ = {isa = PBXFileReference; includeInIndex = 1; lastKnownFileType = text.xcconfig; name = "Pods-Graygram.debug.xcconfig"; path = "Pods/Target Support Files/Pods-Graygram/Pods-Graygram.debug.xcconfig"; sourceTree = "<group>"; };
		4024640E30E4004B5C157283 /* Pods-Graygram.release.xcconfig */ = {isa = PBXFileReference; includeInIndex = 1; lastKnownFileType = text.xcconfig; name = "Pods-Graygram.release.xcconfig"; path = "Pods/Target Support Files/Pods-Graygram/Pods-Graygram.release.xcconfig"; sourceTree = "<group>"; };
/* End PBXFileReference section */

/* Begin PBXFrameworksBuildPhase section */
		03E16E661E464B4F0061E685 /* Frameworks */ = {
			isa = PBXFrameworksBuildPhase;
			buildActionMask = 2147483647;
			files = (
				B2BB90D47274097853FE19A6 /* Pods_Graygram.framework in Frameworks */,
			);
			runOnlyForDeploymentPostprocessing = 0;
		};
/* End PBXFrameworksBuildPhase section */

/* Begin PBXGroup section */
		03E16E601E464B4F0061E685 = {
			isa = PBXGroup;
			children = (
				03E16E6B1E464B4F0061E685 /* Graygram */,
				03E16E6A1E464B4F0061E685 /* Products */,
				C2D91E842FC6BBFCDA09073F /* Pods */,
				5801614013E8E797AEB2EA9F /* Frameworks */,
			);
			sourceTree = "<group>";
		};
		03E16E6A1E464B4F0061E685 /* Products */ = {
			isa = PBXGroup;
			children = (
				03E16E691E464B4F0061E685 /* Graygram.app */,
			);
			name = Products;
			sourceTree = "<group>";
		};
		03E16E6B1E464B4F0061E685 /* Graygram */ = {
			isa = PBXGroup;
			children = (
				03E16E6C1E464B4F0061E685 /* AppDelegate.swift */,
				03E16E6E1E464B4F0061E685 /* ViewController.swift */,
				03E16E731E464B4F0061E685 /* Assets.xcassets */,
				03E16E751E464B4F0061E685 /* LaunchScreen.storyboard */,
				03E16E781E464B4F0061E685 /* Info.plist */,
			);
			path = Graygram;
			sourceTree = "<group>";
		};
		5801614013E8E797AEB2EA9F /* Frameworks */ = {
			isa = PBXGroup;
			children = (
				002B9D7D609C0CB98FB046F5 /* Pods_Graygram.framework */,
			);
			name = Frameworks;
			sourceTree = "<group>";
		};
		C2D91E842FC6BBFCDA09073F /* Pods */ = {
			isa = PBXGroup;
			children = (
				2615165B4186F1C5887786B7 /* Pods-Graygram.debug.xcconfig */,
				4024640E30E4004B5C157283 /* Pods-Graygram.release.xcconfig */,
			);
			name = Pods;
			sourceTree = "<group>";
		};
/* End PBXGroup section */

/* Begin PBXNativeTarget section */
		03E16E681E464B4F0061E685 /* Graygram */ = {
			isa = PBXNativeTarget;
			buildConfigurationList = 03E16E7B1E464B4F0061E685 /* Build configuration list for PBXNativeTarget "Graygram" */;
			buildPhases = (
				54723380949CD43304704F13 /* [CP] Check Pods Manifest.lock */,
				03E16E651E464B4F0061E685 /* Sources */,
				03E16E661E464B4F0061E685 /* Frameworks */,
				03E16E671E464B4F0061E685 /* Resources */,
				C37CB7442BF4442EA72A091D /* [CP] Embed Pods Frameworks */,
				D0EF80A3BB0D18B7DB301F1F /* [CP] Copy Pods Resources */,
			);
			buildRules = (
			);
			dependencies = (
			);
			name = Graygram;
			productName = Graygram;
			productReference = 03E16E691E464B4F0061E685 /* Graygram.app */;
			productType = "com.apple.product-type.application";
		};
/* End PBXNativeTarget section */

/* Begin PBXProject section */
		03E16E611E464B4F0061E685 /* Project object */ = {
			isa = PBXProject;
			attributes = {
				LastSwiftUpdateCheck = 0820;
				LastUpgradeCheck = 0820;
				ORGANIZATIONNAME = "Suyeol Jeon";
				TargetAttributes = {
					03E16E681E464B4F0061E685 = {
						CreatedOnToolsVersion = 8.2.1;
						ProvisioningStyle = Automatic;
					};
				};
			};
			buildConfigurationList = 03E16E641E464B4F0061E685 /* Build configuration list for PBXProject "Graygram" */;
			compatibilityVersion = "Xcode 3.2";
			developmentRegion = English;
			hasScannedForEncodings = 0;
			knownRegions = (
				en,
				Base,
			);
			mainGroup = 03E16E601E464B4F0061E685;
			productRefGroup = 03E16E6A1E464B4F0061E685 /* Products */;
			projectDirPath = "";
			projectRoot = "";
			targets = (
				03E16E681E464B4F0061E685 /* Graygram */,
			);
		};
/* End PBXProject section */

/* Begin PBXResourcesBuildPhase section */
		03E16E671E464B4F0061E685 /* Resources */ = {
			isa = PBXResourcesBuildPhase;
			buildActionMask = 2147483647;
			files = (
				03E16E771E464B4F0061E685 /* LaunchScreen.storyboard in Resources */,
				03E16E741E464B4F0061E685 /* Assets.xcassets in Resources */,
			);
			runOnlyForDeploymentPostprocessing = 0;
		};
/* End PBXResourcesBuildPhase section */

/* Begin PBXShellScriptBuildPhase section */
		54723380949CD43304704F13 /* [CP] Check Pods Manifest.lock */ = {
			isa = PBXShellScriptBuildPhase;
			buildActionMask = 2147483647;
			files = (
			);
			inputPaths = (
			);
			name = "[CP] Check Pods Manifest.lock";
			outputPaths = (
			);
			runOnlyForDeploymentPostprocessing = 0;
			shellPath = /bin/sh;
			shellScript = "diff \"${PODS_ROOT}/../Podfile.lock\" \"${PODS_ROOT}/Manifest.lock\" > /dev/null\nif [ $? != 0 ] ; then\n    # print error to STDERR\n    echo \"error: The sandbox is not in sync with the Podfile.lock. Run 'pod install' or update your CocoaPods installation.\" >&2\n    exit 1\nfi\n";
			showEnvVarsInLog = 0;
		};
		C37CB7442BF4442EA72A091D /* [CP] Embed Pods Frameworks */ = {
			isa = PBXShellScriptBuildPhase;
			buildActionMask = 2147483647;
			files = (
			);
			inputPaths = (
			);
			name = "[CP] Embed Pods Frameworks";
			outputPaths = (
			);
			runOnlyForDeploymentPostprocessing = 0;
			shellPath = /bin/sh;
			shellScript = "\"${SRCROOT}/Pods/Target Support Files/Pods-Graygram/Pods-Graygram-frameworks.sh\"\n";
			showEnvVarsInLog = 0;
		};
		D0EF80A3BB0D18B7DB301F1F /* [CP] Copy Pods Resources */ = {
			isa = PBXShellScriptBuildPhase;
			buildActionMask = 2147483647;
			files = (
			);
			inputPaths = (
			);
			name = "[CP] Copy Pods Resources";
			outputPaths = (
			);
			runOnlyForDeploymentPostprocessing = 0;
			shellPath = /bin/sh;
			shellScript = "\"${SRCROOT}/Pods/Target Support Files/Pods-Graygram/Pods-Graygram-resources.sh\"\n";
			showEnvVarsInLog = 0;
		};
/* End PBXShellScriptBuildPhase section */

/* Begin PBXSourcesBuildPhase section */
		03E16E651E464B4F0061E685 /* Sources */ = {
			isa = PBXSourcesBuildPhase;
			buildActionMask = 2147483647;
			files = (
				03E16E6F1E464B4F0061E685 /* ViewController.swift in Sources */,
				03E16E6D1E464B4F0061E685 /* AppDelegate.swift in Sources */,
			);
			runOnlyForDeploymentPostprocessing = 0;
		};
/* End PBXSourcesBuildPhase section */

/* Begin PBXVariantGroup section */
		03E16E751E464B4F0061E685 /* LaunchScreen.storyboard */ = {
			isa = PBXVariantGroup;
			children = (
				03E16E761E464B4F0061E685 /* Base */,
			);
			name = LaunchScreen.storyboard;
			sourceTree = "<group>";
		};
/* End PBXVariantGroup section */

/* Begin XCBuildConfiguration section */
		03E16E791E464B4F0061E685 /* Debug */ = {
			isa = XCBuildConfiguration;
			buildSettings = {
				ALWAYS_SEARCH_USER_PATHS = NO;
				CLANG_ANALYZER_NONNULL = YES;
				CLANG_CXX_LANGUAGE_STANDARD = "gnu++0x";
				CLANG_CXX_LIBRARY = "libc++";
				CLANG_ENABLE_MODULES = YES;
				CLANG_ENABLE_OBJC_ARC = YES;
				CLANG_WARN_BOOL_CONVERSION = YES;
				CLANG_WARN_CONSTANT_CONVERSION = YES;
				CLANG_WARN_DIRECT_OBJC_ISA_USAGE = YES_ERROR;
				CLANG_WARN_DOCUMENTATION_COMMENTS = YES;
				CLANG_WARN_EMPTY_BODY = YES;
				CLANG_WARN_ENUM_CONVERSION = YES;
				CLANG_WARN_INFINITE_RECURSION = YES;
				CLANG_WARN_INT_CONVERSION = YES;
				CLANG_WARN_OBJC_ROOT_CLASS = YES_ERROR;
				CLANG_WARN_SUSPICIOUS_MOVE = YES;
				CLANG_WARN_UNREACHABLE_CODE = YES;
				CLANG_WARN__DUPLICATE_METHOD_MATCH = YES;
				"CODE_SIGN_IDENTITY[sdk=iphoneos*]" = "iPhone Developer";
				COPY_PHASE_STRIP = NO;
				DEBUG_INFORMATION_FORMAT = dwarf;
				ENABLE_STRICT_OBJC_MSGSEND = YES;
				ENABLE_TESTABILITY = YES;
				GCC_C_LANGUAGE_STANDARD = gnu99;
				GCC_DYNAMIC_NO_PIC = NO;
				GCC_NO_COMMON_BLOCKS = YES;
				GCC_OPTIMIZATION_LEVEL = 0;
				GCC_PREPROCESSOR_DEFINITIONS = (
					"DEBUG=1",
					"$(inherited)",
				);
				GCC_WARN_64_TO_32_BIT_CONVERSION = YES;
				GCC_WARN_ABOUT_RETURN_TYPE = YES_ERROR;
				GCC_WARN_UNDECLARED_SELECTOR = YES;
				GCC_WARN_UNINITIALIZED_AUTOS = YES_AGGRESSIVE;
				GCC_WARN_UNUSED_FUNCTION = YES;
				GCC_WARN_UNUSED_VARIABLE = YES;
				IPHONEOS_DEPLOYMENT_TARGET = 9.0;
				MTL_ENABLE_DEBUG_INFO = YES;
				ONLY_ACTIVE_ARCH = YES;
				SDKROOT = iphoneos;
				SWIFT_ACTIVE_COMPILATION_CONDITIONS = DEBUG;
				SWIFT_OPTIMIZATION_LEVEL = "-Onone";
			};
			name = Debug;
		};
		03E16E7A1E464B4F0061E685 /* Release */ = {
			isa = XCBuildConfiguration;
			buildSettings = {
				ALWAYS_SEARCH_USER_PATHS = NO;
				CLANG_ANALYZER_NONNULL = YES;
				CLANG_CXX_LANGUAGE_STANDARD = "gnu++0x";
				CLANG_CXX_LIBRARY = "libc++";
				CLANG_ENABLE_MODULES = YES;
				CLANG_ENABLE_OBJC_ARC = YES;
				CLANG_WARN_BOOL_CONVERSION = YES;
				CLANG_WARN_CONSTANT_CONVERSION = YES;
				CLANG_WARN_DIRECT_OBJC_ISA_USAGE = YES_ERROR;
				CLANG_WARN_DOCUMENTATION_COMMENTS = YES;
				CLANG_WARN_EMPTY_BODY = YES;
				CLANG_WARN_ENUM_CONVERSION = YES;
				CLANG_WARN_INFINITE_RECURSION = YES;
				CLANG_WARN_INT_CONVERSION = YES;
				CLANG_WARN_OBJC_ROOT_CLASS = YES_ERROR;
				CLANG_WARN_SUSPICIOUS_MOVE = YES;
				CLANG_WARN_UNREACHABLE_CODE = YES;
				CLANG_WARN__DUPLICATE_METHOD_MATCH = YES;
				"CODE_SIGN_IDENTITY[sdk=iphoneos*]" = "iPhone Developer";
				COPY_PHASE_STRIP = NO;
				DEBUG_INFORMATION_FORMAT = "dwarf-with-dsym";
				ENABLE_NS_ASSERTIONS = NO;
				ENABLE_STRICT_OBJC_MSGSEND = YES;
				GCC_C_LANGUAGE_STANDARD = gnu99;
				GCC_NO_COMMON_BLOCKS = YES;
				GCC_WARN_64_TO_32_BIT_CONVERSION = YES;
				GCC_WARN_ABOUT_RETURN_TYPE = YES_ERROR;
				GCC_WARN_UNDECLARED_SELECTOR = YES;
				GCC_WARN_UNINITIALIZED_AUTOS = YES_AGGRESSIVE;
				GCC_WARN_UNUSED_FUNCTION = YES;
				GCC_WARN_UNUSED_VARIABLE = YES;
				IPHONEOS_DEPLOYMENT_TARGET = 9.0;
				MTL_ENABLE_DEBUG_INFO = NO;
				SDKROOT = iphoneos;
				SWIFT_OPTIMIZATION_LEVEL = "-Owholemodule";
				VALIDATE_PRODUCT = YES;
			};
			name = Release;
		};
		03E16E7C1E464B4F0061E685 /* Debug */ = {
			isa = XCBuildConfiguration;
			baseConfigurationReference = 2615165B4186F1C5887786B7 /* Pods-Graygram.debug.xcconfig */;
			buildSettings = {
				ASSETCATALOG_COMPILER_APPICON_NAME = AppIcon;
				INFOPLIST_FILE = Graygram/Info.plist;
				LD_RUNPATH_SEARCH_PATHS = "$(inherited) @executable_path/Frameworks";
				PRODUCT_BUNDLE_IDENTIFIER = kr.xoul.Graygram;
				PRODUCT_NAME = "$(TARGET_NAME)";
				SWIFT_VERSION = 3.0;
			};
			name = Debug;
		};
		03E16E7D1E464B4F0061E685 /* Release */ = {
			isa = XCBuildConfiguration;
			baseConfigurationReference = 4024640E30E4004B5C157283 /* Pods-Graygram.release.xcconfig */;
			buildSettings = {
				ASSETCATALOG_COMPILER_APPICON_NAME = AppIcon;
				INFOPLIST_FILE = Graygram/Info.plist;
				LD_RUNPATH_SEARCH_PATHS = "$(inherited) @executable_path/Frameworks";
				PRODUCT_BUNDLE_IDENTIFIER = kr.xoul.Graygram;
				PRODUCT_NAME = "$(TARGET_NAME)";
				SWIFT_VERSION = 3.0;
			};
			name = Release;
		};
/* End XCBuildConfiguration section */

/* Begin XCConfigurationList section */
		03E16E641E464B4F0061E685 /* Build configuration list for PBXProject "Graygram" */ = {
			isa = XCConfigurationList;
			buildConfigurations = (
				03E16E791E464B4F0061E685 /* Debug */,
				03E16E7A1E464B4F0061E685 /* Release */,
			);
			defaultConfigurationIsVisible = 0;
			defaultConfigurationName = Release;
		};
		03E16E7B1E464B4F0061E685 /* Build configuration list for PBXNativeTarget "Graygram" */ = {
			isa = XCConfigurationList;
			buildConfigurations = (
				03E16E7C1E464B4F0061E685 /* Debug */,
				03E16E7D1E464B4F0061E685 /* Release */,
			);
			defaultConfigurationIsVisible = 0;
			defaultConfigurationName = Release;
		};
/* End XCConfigurationList section */
	};
	rootObject = 03E16E611E464B4F0061E685 /* Project object */;
}
