// !$*UTF8*$!
{
	archiveVersion = 1;
	classes = {
	};
	objectVersion = 46;
	objects = {

/* Begin PBXBuildFile section */
		030E75F41E585FB60027D94A /* LoginViewController.swift in Sources */ = {isa = PBXBuildFile; fileRef = 030E75F31E585FB60027D94A /* LoginViewController.swift */; };
		030EFD8D1E5B70E900AFBC7C /* Response+ErrorInfo.swift in Sources */ = {isa = PBXBuildFile; fileRef = 030EFD8C1E5B70E900AFBC7C /* Response+ErrorInfo.swift */; };
		030EFD8F1E5B7B0B00AFBC7C /* SplashViewController.swift in Sources */ = {isa = PBXBuildFile; fileRef = 030EFD8E1E5B7B0B00AFBC7C /* SplashViewController.swift */; };
		03723B211E4F924900B07514 /* Assets.xcassets in Resources */ = {isa = PBXBuildFile; fileRef = 03723B161E4F924900B07514 /* Assets.xcassets */; };
		03723B221E4F924900B07514 /* LaunchScreen.storyboard in Resources */ = {isa = PBXBuildFile; fileRef = 03723B171E4F924900B07514 /* LaunchScreen.storyboard */; };
		03723B331E4F928700B07514 /* AppDelegate.swift in Sources */ = {isa = PBXBuildFile; fileRef = 03723B2A1E4F928700B07514 /* AppDelegate.swift */; };
		03723B341E4F928700B07514 /* Post.swift in Sources */ = {isa = PBXBuildFile; fileRef = 03723B2C1E4F928700B07514 /* Post.swift */; };
		03723B351E4F928700B07514 /* String+BoundingRect.swift in Sources */ = {isa = PBXBuildFile; fileRef = 03723B2E1E4F928700B07514 /* String+BoundingRect.swift */; };
		03723B361E4F928700B07514 /* FeedViewController.swift in Sources */ = {isa = PBXBuildFile; fileRef = 03723B301E4F928700B07514 /* FeedViewController.swift */; };
		03723B371E4F928700B07514 /* PostCardCell.swift in Sources */ = {isa = PBXBuildFile; fileRef = 03723B321E4F928700B07514 /* PostCardCell.swift */; };
		03723B391E4F969000B07514 /* User.swift in Sources */ = {isa = PBXBuildFile; fileRef = 03723B381E4F969000B07514 /* User.swift */; };
		03723B3C1E4FA1A200B07514 /* PhotoSize.swift in Sources */ = {isa = PBXBuildFile; fileRef = 03723B3B1E4FA1A200B07514 /* PhotoSize.swift */; };
		03723B3E1E4FA1EB00B07514 /* UIImageView+Photo.swift in Sources */ = {isa = PBXBuildFile; fileRef = 03723B3D1E4FA1EB00B07514 /* UIImageView+Photo.swift */; };
		038F0A061E5620F700613148 /* CollectionActivityIndicatorView.swift in Sources */ = {isa = PBXBuildFile; fileRef = 038F0A051E5620F700613148 /* CollectionActivityIndicatorView.swift */; };
		03A5C51C1E6B310200515C60 /* MainTabBarController.swift in Sources */ = {isa = PBXBuildFile; fileRef = 03A5C51B1E6B310200515C60 /* MainTabBarController.swift */; };
		03E0F0FF1E6C90760004EFB4 /* ImageCropViewController.swift in Sources */ = {isa = PBXBuildFile; fileRef = 03E0F0FE1E6C90760004EFB4 /* ImageCropViewController.swift */; };
		03E0F1011E6CAC800004EFB4 /* UIImage+Grayscaled.swift in Sources */ = {isa = PBXBuildFile; fileRef = 03E0F1001E6CAC800004EFB4 /* UIImage+Grayscaled.swift */; };
		B2BB90D47274097853FE19A6 /* Pods_Graygram.framework in Frameworks */ = {isa = PBXBuildFile; fileRef = 002B9D7D609C0CB98FB046F5 /* Pods_Graygram.framework */; };
/* End PBXBuildFile section */

/* Begin PBXFileReference section */
		002B9D7D609C0CB98FB046F5 /* Pods_Graygram.framework */ = {isa = PBXFileReference; explicitFileType = wrapper.framework; includeInIndex = 0; path = Pods_Graygram.framework; sourceTree = BUILT_PRODUCTS_DIR; };
		030E75F31E585FB60027D94A /* LoginViewController.swift */ = {isa = PBXFileReference; fileEncoding = 4; lastKnownFileType = sourcecode.swift; path = LoginViewController.swift; sourceTree = "<group>"; };
		030EFD8C1E5B70E900AFBC7C /* Response+ErrorInfo.swift */ = {isa = PBXFileReference; fileEncoding = 4; lastKnownFileType = sourcecode.swift; path = "Response+ErrorInfo.swift"; sourceTree = "<group>"; };
		030EFD8E1E5B7B0B00AFBC7C /* SplashViewController.swift */ = {isa = PBXFileReference; fileEncoding = 4; lastKnownFileType = sourcecode.swift; path = SplashViewController.swift; sourceTree = "<group>"; };
		03723B161E4F924900B07514 /* Assets.xcassets */ = {isa = PBXFileReference; lastKnownFileType = folder.assetcatalog; path = Assets.xcassets; sourceTree = "<group>"; };
		03723B181E4F924900B07514 /* Base */ = {isa = PBXFileReference; lastKnownFileType = file.storyboard; name = Base; path = Base.lproj/LaunchScreen.storyboard; sourceTree = "<group>"; };
		03723B201E4F924900B07514 /* Info.plist */ = {isa = PBXFileReference; fileEncoding = 4; lastKnownFileType = text.plist.xml; path = Info.plist; sourceTree = "<group>"; };
		03723B2A1E4F928700B07514 /* AppDelegate.swift */ = {isa = PBXFileReference; fileEncoding = 4; lastKnownFileType = sourcecode.swift; path = AppDelegate.swift; sourceTree = "<group>"; };
		03723B2C1E4F928700B07514 /* Post.swift */ = {isa = PBXFileReference; fileEncoding = 4; lastKnownFileType = sourcecode.swift; path = Post.swift; sourceTree = "<group>"; };
		03723B2E1E4F928700B07514 /* String+BoundingRect.swift */ = {isa = PBXFileReference; fileEncoding = 4; lastKnownFileType = sourcecode.swift; path = "String+BoundingRect.swift"; sourceTree = "<group>"; };
		03723B301E4F928700B07514 /* FeedViewController.swift */ = {isa = PBXFileReference; fileEncoding = 4; lastKnownFileType = sourcecode.swift; path = FeedViewController.swift; sourceTree = "<group>"; };
		03723B321E4F928700B07514 /* PostCardCell.swift */ = {isa = PBXFileReference; fileEncoding = 4; lastKnownFileType = sourcecode.swift; path = PostCardCell.swift; sourceTree = "<group>"; };
		03723B381E4F969000B07514 /* User.swift */ = {isa = PBXFileReference; fileEncoding = 4; lastKnownFileType = sourcecode.swift; path = User.swift; sourceTree = "<group>"; };
		03723B3B1E4FA1A200B07514 /* PhotoSize.swift */ = {isa = PBXFileReference; fileEncoding = 4; lastKnownFileType = sourcecode.swift; path = PhotoSize.swift; sourceTree = "<group>"; };
		03723B3D1E4FA1EB00B07514 /* UIImageView+Photo.swift */ = {isa = PBXFileReference; fileEncoding = 4; lastKnownFileType = sourcecode.swift; path = "UIImageView+Photo.swift"; sourceTree = "<group>"; };
		038F0A051E5620F700613148 /* CollectionActivityIndicatorView.swift */ = {isa = PBXFileReference; fileEncoding = 4; lastKnownFileType = sourcecode.swift; path = CollectionActivityIndicatorView.swift; sourceTree = "<group>"; };
		03A5C51B1E6B310200515C60 /* MainTabBarController.swift */ = {isa = PBXFileReference; fileEncoding = 4; lastKnownFileType = sourcecode.swift; path = MainTabBarController.swift; sourceTree = "<group>"; };
		03E0F0FE1E6C90760004EFB4 /* ImageCropViewController.swift */ = {isa = PBXFileReference; fileEncoding = 4; lastKnownFileType = sourcecode.swift; path = ImageCropViewController.swift; sourceTree = "<group>"; };
		03E0F1001E6CAC800004EFB4 /* UIImage+Grayscaled.swift */ = {isa = PBXFileReference; fileEncoding = 4; lastKnownFileType = sourcecode.swift; path = "UIImage+Grayscaled.swift"; sourceTree = "<group>"; };
		03E16E691E464B4F0061E685 /* Graygram.app */ = {isa = PBXFileReference; explicitFileType = wrapper.application; includeInIndex = 0; path = Graygram.app; sourceTree = BUILT_PRODUCTS_DIR; };
		2615165B4186F1C5887786B7 /* Pods-Graygram.debug.xcconfig */ = {isa = PBXFileReference; includeInIndex = 1; lastKnownFileType = text.xcconfig; name = "Pods-Graygram.debug.xcconfig"; path = "Pods/Target Support Files/Pods-Graygram/Pods-Graygram.debug.xcconfig"; sourceTree = "<group>"; };
		4024640E30E4004B5C157283 /* Pods-Graygram.release.xcconfig */ = {isa = PBXFileReference; includeInIndex = 1; lastKnownFileType = text.xcconfig; name = "Pods-Graygram.release.xcconfig"; path = "Pods/Target Support Files/Pods-Graygram/Pods-Graygram.release.xcconfig"; sourceTree = "<group>"; };
/* End PBXFileReference section */

/* Begin PBXFrameworksBuildPhase section */
		03E16E661E464B4F0061E685 /* Frameworks */ = {
			isa = PBXFrameworksBuildPhase;
			buildActionMask = 2147483647;
			files = (
				B2BB90D47274097853FE19A6 /* Pods_Graygram.framework in Frameworks */,
			);
			runOnlyForDeploymentPostprocessing = 0;
		};
/* End PBXFrameworksBuildPhase section */

/* Begin PBXGroup section */
		030EFD8B1E5B70DE00AFBC7C /* Networking */ = {
			isa = PBXGroup;
			children = (
				030EFD8C1E5B70E900AFBC7C /* Response+ErrorInfo.swift */,
			);
			path = Networking;
			sourceTree = "<group>";
		};
		03723B151E4F924900B07514 /* Resources */ = {
			isa = PBXGroup;
			children = (
				03723B161E4F924900B07514 /* Assets.xcassets */,
				03723B171E4F924900B07514 /* LaunchScreen.storyboard */,
			);
			path = Resources;
			sourceTree = "<group>";
		};
		03723B1F1E4F924900B07514 /* Supporting Files */ = {
			isa = PBXGroup;
			children = (
				03723B201E4F924900B07514 /* Info.plist */,
			);
			path = "Supporting Files";
			sourceTree = "<group>";
		};
		03723B291E4F928700B07514 /* Sources */ = {
			isa = PBXGroup;
			children = (
				03723B2A1E4F928700B07514 /* AppDelegate.swift */,
				030EFD8B1E5B70DE00AFBC7C /* Networking */,
				03723B3A1E4FA17800B07514 /* Types */,
				03723B2B1E4F928700B07514 /* Models */,
				03723B2F1E4F928700B07514 /* ViewControllers */,
				03723B311E4F928700B07514 /* Views */,
				03723B2D1E4F928700B07514 /* Utils */,
			);
			path = Sources;
			sourceTree = "<group>";
		};
		03723B2B1E4F928700B07514 /* Models */ = {
			isa = PBXGroup;
			children = (
				03723B381E4F969000B07514 /* User.swift */,
				03723B2C1E4F928700B07514 /* Post.swift */,
			);
			path = Models;
			sourceTree = "<group>";
		};
		03723B2D1E4F928700B07514 /* Utils */ = {
			isa = PBXGroup;
			children = (
				03723B2E1E4F928700B07514 /* String+BoundingRect.swift */,
				03723B3D1E4FA1EB00B07514 /* UIImageView+Photo.swift */,
				03E0F1001E6CAC800004EFB4 /* UIImage+Grayscaled.swift */,
			);
			path = Utils;
			sourceTree = "<group>";
		};
		03723B2F1E4F928700B07514 /* ViewControllers */ = {
			isa = PBXGroup;
			children = (
				030EFD8E1E5B7B0B00AFBC7C /* SplashViewController.swift */,
				03A5C51B1E6B310200515C60 /* MainTabBarController.swift */,
				030E75F31E585FB60027D94A /* LoginViewController.swift */,
				03723B301E4F928700B07514 /* FeedViewController.swift */,
				03E0F0FE1E6C90760004EFB4 /* ImageCropViewController.swift */,
			);
			path = ViewControllers;
			sourceTree = "<group>";
		};
		03723B311E4F928700B07514 /* Views */ = {
			isa = PBXGroup;
			children = (
				03723B321E4F928700B07514 /* PostCardCell.swift */,
				038F0A051E5620F700613148 /* CollectionActivityIndicatorView.swift */,
			);
			path = Views;
			sourceTree = "<group>";
		};
		03723B3A1E4FA17800B07514 /* Types */ = {
			isa = PBXGroup;
			children = (
				03723B3B1E4FA1A200B07514 /* PhotoSize.swift */,
			);
			path = Types;
			sourceTree = "<group>";
		};
		03E16E601E464B4F0061E685 = {
			isa = PBXGroup;
			children = (
				03E16E6B1E464B4F0061E685 /* Graygram */,
				03E16E6A1E464B4F0061E685 /* Products */,
				C2D91E842FC6BBFCDA09073F /* Pods */,
				5801614013E8E797AEB2EA9F /* Frameworks */,
			);
			sourceTree = "<group>";
		};
		03E16E6A1E464B4F0061E685 /* Products */ = {
			isa = PBXGroup;
			children = (
				03E16E691E464B4F0061E685 /* Graygram.app */,
			);
			name = Products;
			sourceTree = "<group>";
		};
		03E16E6B1E464B4F0061E685 /* Graygram */ = {
			isa = PBXGroup;
			children = (
				03723B291E4F928700B07514 /* Sources */,
				03723B151E4F924900B07514 /* Resources */,
				03723B1F1E4F924900B07514 /* Supporting Files */,
			);
			path = Graygram;
			sourceTree = "<group>";
		};
		5801614013E8E797AEB2EA9F /* Frameworks */ = {
			isa = PBXGroup;
			children = (
				002B9D7D609C0CB98FB046F5 /* Pods_Graygram.framework */,
			);
			name = Frameworks;
			sourceTree = "<group>";
		};
		C2D91E842FC6BBFCDA09073F /* Pods */ = {
			isa = PBXGroup;
			children = (
				2615165B4186F1C5887786B7 /* Pods-Graygram.debug.xcconfig */,
				4024640E30E4004B5C157283 /* Pods-Graygram.release.xcconfig */,
			);
			name = Pods;
			sourceTree = "<group>";
		};
/* End PBXGroup section */

/* Begin PBXNativeTarget section */
		03E16E681E464B4F0061E685 /* Graygram */ = {
			isa = PBXNativeTarget;
			buildConfigurationList = 03E16E7B1E464B4F0061E685 /* Build configuration list for PBXNativeTarget "Graygram" */;
			buildPhases = (
				54723380949CD43304704F13 /* [CP] Check Pods Manifest.lock */,
				03E16E651E464B4F0061E685 /* Sources */,
				03E16E661E464B4F0061E685 /* Frameworks */,
				03E16E671E464B4F0061E685 /* Resources */,
				C37CB7442BF4442EA72A091D /* [CP] Embed Pods Frameworks */,
				D0EF80A3BB0D18B7DB301F1F /* [CP] Copy Pods Resources */,
			);
			buildRules = (
			);
			dependencies = (
			);
			name = Graygram;
			productName = Graygram;
			productReference = 03E16E691E464B4F0061E685 /* Graygram.app */;
			productType = "com.apple.product-type.application";
		};
/* End PBXNativeTarget section */

/* Begin PBXProject section */
		03E16E611E464B4F0061E685 /* Project object */ = {
			isa = PBXProject;
			attributes = {
				LastSwiftUpdateCheck = 0820;
				LastUpgradeCheck = 0820;
				ORGANIZATIONNAME = "Suyeol Jeon";
				TargetAttributes = {
					03E16E681E464B4F0061E685 = {
						CreatedOnToolsVersion = 8.2.1;
						ProvisioningStyle = Automatic;
					};
				};
			};
			buildConfigurationList = 03E16E641E464B4F0061E685 /* Build configuration list for PBXProject "Graygram" */;
			compatibilityVersion = "Xcode 3.2";
			developmentRegion = English;
			hasScannedForEncodings = 0;
			knownRegions = (
				en,
				Base,
			);
			mainGroup = 03E16E601E464B4F0061E685;
			productRefGroup = 03E16E6A1E464B4F0061E685 /* Products */;
			projectDirPath = "";
			projectRoot = "";
			targets = (
				03E16E681E464B4F0061E685 /* Graygram */,
			);
		};
/* End PBXProject section */

/* Begin PBXResourcesBuildPhase section */
		03E16E671E464B4F0061E685 /* Resources */ = {
			isa = PBXResourcesBuildPhase;
			buildActionMask = 2147483647;
			files = (
				03723B211E4F924900B07514 /* Assets.xcassets in Resources */,
				03723B221E4F924900B07514 /* LaunchScreen.storyboard in Resources */,
			);
			runOnlyForDeploymentPostprocessing = 0;
		};
/* End PBXResourcesBuildPhase section */

/* Begin PBXShellScriptBuildPhase section */
		54723380949CD43304704F13 /* [CP] Check Pods Manifest.lock */ = {
			isa = PBXShellScriptBuildPhase;
			buildActionMask = 2147483647;
			files = (
			);
			inputPaths = (
			);
			name = "[CP] Check Pods Manifest.lock";
			outputPaths = (
			);
			runOnlyForDeploymentPostprocessing = 0;
			shellPath = /bin/sh;
			shellScript = "diff \"${PODS_ROOT}/../Podfile.lock\" \"${PODS_ROOT}/Manifest.lock\" > /dev/null\nif [ $? != 0 ] ; then\n    # print error to STDERR\n    echo \"error: The sandbox is not in sync with the Podfile.lock. Run 'pod install' or update your CocoaPods installation.\" >&2\n    exit 1\nfi\n";
			showEnvVarsInLog = 0;
		};
		C37CB7442BF4442EA72A091D /* [CP] Embed Pods Frameworks */ = {
			isa = PBXShellScriptBuildPhase;
			buildActionMask = 2147483647;
			files = (
			);
			inputPaths = (
			);
			name = "[CP] Embed Pods Frameworks";
			outputPaths = (
			);
			runOnlyForDeploymentPostprocessing = 0;
			shellPath = /bin/sh;
			shellScript = "\"${SRCROOT}/Pods/Target Support Files/Pods-Graygram/Pods-Graygram-frameworks.sh\"\n";
			showEnvVarsInLog = 0;
		};
		D0EF80A3BB0D18B7DB301F1F /* [CP] Copy Pods Resources */ = {
			isa = PBXShellScriptBuildPhase;
			buildActionMask = 2147483647;
			files = (
			);
			inputPaths = (
			);
			name = "[CP] Copy Pods Resources";
			outputPaths = (
			);
			runOnlyForDeploymentPostprocessing = 0;
			shellPath = /bin/sh;
			shellScript = "\"${SRCROOT}/Pods/Target Support Files/Pods-Graygram/Pods-Graygram-resources.sh\"\n";
			showEnvVarsInLog = 0;
		};
/* End PBXShellScriptBuildPhase section */

/* Begin PBXSourcesBuildPhase section */
		03E16E651E464B4F0061E685 /* Sources */ = {
			isa = PBXSourcesBuildPhase;
			buildActionMask = 2147483647;
			files = (
				03723B3C1E4FA1A200B07514 /* PhotoSize.swift in Sources */,
				038F0A061E5620F700613148 /* CollectionActivityIndicatorView.swift in Sources */,
				03E0F1011E6CAC800004EFB4 /* UIImage+Grayscaled.swift in Sources */,
				030EFD8D1E5B70E900AFBC7C /* Response+ErrorInfo.swift in Sources */,
				030EFD8F1E5B7B0B00AFBC7C /* SplashViewController.swift in Sources */,
				03723B331E4F928700B07514 /* AppDelegate.swift in Sources */,
				03723B371E4F928700B07514 /* PostCardCell.swift in Sources */,
				03E0F0FF1E6C90760004EFB4 /* ImageCropViewController.swift in Sources */,
				03723B3E1E4FA1EB00B07514 /* UIImageView+Photo.swift in Sources */,
				03A5C51C1E6B310200515C60 /* MainTabBarController.swift in Sources */,
				03723B391E4F969000B07514 /* User.swift in Sources */,
				03723B351E4F928700B07514 /* String+BoundingRect.swift in Sources */,
				03723B361E4F928700B07514 /* FeedViewController.swift in Sources */,
				030E75F41E585FB60027D94A /* LoginViewController.swift in Sources */,
				03723B341E4F928700B07514 /* Post.swift in Sources */,
			);
			runOnlyForDeploymentPostprocessing = 0;
		};
/* End PBXSourcesBuildPhase section */

/* Begin PBXVariantGroup section */
		03723B171E4F924900B07514 /* LaunchScreen.storyboard */ = {
			isa = PBXVariantGroup;
			children = (
				03723B181E4F924900B07514 /* Base */,
			);
			name = LaunchScreen.storyboard;
			sourceTree = "<group>";
		};
/* End PBXVariantGroup section */

/* Begin XCBuildConfiguration section */
		03E16E791E464B4F0061E685 /* Debug */ = {
			isa = XCBuildConfiguration;
			buildSettings = {
				ALWAYS_SEARCH_USER_PATHS = NO;
				CLANG_ANALYZER_NONNULL = YES;
				CLANG_CXX_LANGUAGE_STANDARD = "gnu++0x";
				CLANG_CXX_LIBRARY = "libc++";
				CLANG_ENABLE_MODULES = YES;
				CLANG_ENABLE_OBJC_ARC = YES;
				CLANG_WARN_BOOL_CONVERSION = YES;
				CLANG_WARN_CONSTANT_CONVERSION = YES;
				CLANG_WARN_DIRECT_OBJC_ISA_USAGE = YES_ERROR;
				CLANG_WARN_DOCUMENTATION_COMMENTS = YES;
				CLANG_WARN_EMPTY_BODY = YES;
				CLANG_WARN_ENUM_CONVERSION = YES;
				CLANG_WARN_INFINITE_RECURSION = YES;
				CLANG_WARN_INT_CONVERSION = YES;
				CLANG_WARN_OBJC_ROOT_CLASS = YES_ERROR;
				CLANG_WARN_SUSPICIOUS_MOVE = YES;
				CLANG_WARN_UNREACHABLE_CODE = YES;
				CLANG_WARN__DUPLICATE_METHOD_MATCH = YES;
				"CODE_SIGN_IDENTITY[sdk=iphoneos*]" = "iPhone Developer";
				COPY_PHASE_STRIP = NO;
				DEBUG_INFORMATION_FORMAT = dwarf;
				ENABLE_STRICT_OBJC_MSGSEND = YES;
				ENABLE_TESTABILITY = YES;
				GCC_C_LANGUAGE_STANDARD = gnu99;
				GCC_DYNAMIC_NO_PIC = NO;
				GCC_NO_COMMON_BLOCKS = YES;
				GCC_OPTIMIZATION_LEVEL = 0;
				GCC_PREPROCESSOR_DEFINITIONS = (
					"DEBUG=1",
					"$(inherited)",
				);
				GCC_WARN_64_TO_32_BIT_CONVERSION = YES;
				GCC_WARN_ABOUT_RETURN_TYPE = YES_ERROR;
				GCC_WARN_UNDECLARED_SELECTOR = YES;
				GCC_WARN_UNINITIALIZED_AUTOS = YES_AGGRESSIVE;
				GCC_WARN_UNUSED_FUNCTION = YES;
				GCC_WARN_UNUSED_VARIABLE = YES;
				IPHONEOS_DEPLOYMENT_TARGET = 9.0;
				MTL_ENABLE_DEBUG_INFO = YES;
				ONLY_ACTIVE_ARCH = YES;
				SDKROOT = iphoneos;
				SWIFT_ACTIVE_COMPILATION_CONDITIONS = DEBUG;
				SWIFT_OPTIMIZATION_LEVEL = "-Onone";
			};
			name = Debug;
		};
		03E16E7A1E464B4F0061E685 /* Release */ = {
			isa = XCBuildConfiguration;
			buildSettings = {
				ALWAYS_SEARCH_USER_PATHS = NO;
				CLANG_ANALYZER_NONNULL = YES;
				CLANG_CXX_LANGUAGE_STANDARD = "gnu++0x";
				CLANG_CXX_LIBRARY = "libc++";
				CLANG_ENABLE_MODULES = YES;
				CLANG_ENABLE_OBJC_ARC = YES;
				CLANG_WARN_BOOL_CONVERSION = YES;
				CLANG_WARN_CONSTANT_CONVERSION = YES;
				CLANG_WARN_DIRECT_OBJC_ISA_USAGE = YES_ERROR;
				CLANG_WARN_DOCUMENTATION_COMMENTS = YES;
				CLANG_WARN_EMPTY_BODY = YES;
				CLANG_WARN_ENUM_CONVERSION = YES;
				CLANG_WARN_INFINITE_RECURSION = YES;
				CLANG_WARN_INT_CONVERSION = YES;
				CLANG_WARN_OBJC_ROOT_CLASS = YES_ERROR;
				CLANG_WARN_SUSPICIOUS_MOVE = YES;
				CLANG_WARN_UNREACHABLE_CODE = YES;
				CLANG_WARN__DUPLICATE_METHOD_MATCH = YES;
				"CODE_SIGN_IDENTITY[sdk=iphoneos*]" = "iPhone Developer";
				COPY_PHASE_STRIP = NO;
				DEBUG_INFORMATION_FORMAT = "dwarf-with-dsym";
				ENABLE_NS_ASSERTIONS = NO;
				ENABLE_STRICT_OBJC_MSGSEND = YES;
				GCC_C_LANGUAGE_STANDARD = gnu99;
				GCC_NO_COMMON_BLOCKS = YES;
				GCC_WARN_64_TO_32_BIT_CONVERSION = YES;
				GCC_WARN_ABOUT_RETURN_TYPE = YES_ERROR;
				GCC_WARN_UNDECLARED_SELECTOR = YES;
				GCC_WARN_UNINITIALIZED_AUTOS = YES_AGGRESSIVE;
				GCC_WARN_UNUSED_FUNCTION = YES;
				GCC_WARN_UNUSED_VARIABLE = YES;
				IPHONEOS_DEPLOYMENT_TARGET = 9.0;
				MTL_ENABLE_DEBUG_INFO = NO;
				SDKROOT = iphoneos;
				SWIFT_OPTIMIZATION_LEVEL = "-Owholemodule";
				VALIDATE_PRODUCT = YES;
			};
			name = Release;
		};
		03E16E7C1E464B4F0061E685 /* Debug */ = {
			isa = XCBuildConfiguration;
			baseConfigurationReference = 2615165B4186F1C5887786B7 /* Pods-Graygram.debug.xcconfig */;
			buildSettings = {
				ASSETCATALOG_COMPILER_APPICON_NAME = AppIcon;
				INFOPLIST_FILE = "$(SRCROOT)/Graygram/Supporting Files/Info.plist";
				LD_RUNPATH_SEARCH_PATHS = "$(inherited) @executable_path/Frameworks";
				PRODUCT_BUNDLE_IDENTIFIER = kr.xoul.Graygram;
				PRODUCT_NAME = "$(TARGET_NAME)";
				SWIFT_VERSION = 3.0;
			};
			name = Debug;
		};
		03E16E7D1E464B4F0061E685 /* Release */ = {
			isa = XCBuildConfiguration;
			baseConfigurationReference = 4024640E30E4004B5C157283 /* Pods-Graygram.release.xcconfig */;
			buildSettings = {
				ASSETCATALOG_COMPILER_APPICON_NAME = AppIcon;
				INFOPLIST_FILE = "$(SRCROOT)/Graygram/Supporting Files/Info.plist";
				LD_RUNPATH_SEARCH_PATHS = "$(inherited) @executable_path/Frameworks";
				PRODUCT_BUNDLE_IDENTIFIER = kr.xoul.Graygram;
				PRODUCT_NAME = "$(TARGET_NAME)";
				SWIFT_VERSION = 3.0;
			};
			name = Release;
		};
/* End XCBuildConfiguration section */

/* Begin XCConfigurationList section */
		03E16E641E464B4F0061E685 /* Build configuration list for PBXProject "Graygram" */ = {
			isa = XCConfigurationList;
			buildConfigurations = (
				03E16E791E464B4F0061E685 /* Debug */,
				03E16E7A1E464B4F0061E685 /* Release */,
			);
			defaultConfigurationIsVisible = 0;
			defaultConfigurationName = Release;
		};
		03E16E7B1E464B4F0061E685 /* Build configuration list for PBXNativeTarget "Graygram" */ = {
			isa = XCConfigurationList;
			buildConfigurations = (
				03E16E7C1E464B4F0061E685 /* Debug */,
				03E16E7D1E464B4F0061E685 /* Release */,
			);
			defaultConfigurationIsVisible = 0;
			defaultConfigurationName = Release;
		};
/* End XCConfigurationList section */
	};
	rootObject = 03E16E611E464B4F0061E685 /* Project object */;
}
